
Microsoft Visual Studio Solution File, Format Version 12.00
# Visual Studio Version 16
VisualStudioVersion = 16.0.31702.278
MinimumVisualStudioVersion = 10.0.40219.1
Project("{FAE04EC0-301F-11D3-BF4B-00C04F79EFBC}") = "unit7.7", "unit7.7\unit7.7.csproj", "{1DEB7C63-D5F3-440E-923C-57DBE4AF31A0}"
EndProject
Global
	GlobalSection(SolutionConfigurationPlatforms) = preSolution
		Debug|Any CPU = Debug|Any CPU
		Release|Any CPU = Release|Any CPU
	EndGlobalSection
	GlobalSection(ProjectConfigurationPlatforms) = postSolution
		{1DEB7C63-D5F3-440E-923C-57DBE4AF31A0}.Debug|Any CPU.ActiveCfg = Debug|Any CPU
		{1DEB7C63-D5F3-440E-923C-57DBE4AF31A0}.Debug|Any CPU.Build.0 = Debug|Any CPU
		{1DEB7C63-D5F3-440E-923C-57DBE4AF31A0}.Release|Any CPU.ActiveCfg = Release|Any CPU
		{1DEB7C63-D5F3-440E-923C-57DBE4AF31A0}.Release|Any CPU.Build.0 = Release|Any CPU
	EndGlobalSection
	GlobalSection(SolutionProperties) = preSolution
		HideSolutionNode = FALSE
	EndGlobalSection
	GlobalSection(ExtensibilityGlobals) = postSolution
		SolutionGuid = {3882A07E-D9A8-412D-AC9F-D4AEAD2821A3}
	EndGlobalSection
EndGlobal
